{
  "name": "dracin-stream",
  "version": "1.0.0",
  "lockfileVersion": 3,
  "requires": true,
  "packages": {
    "": {
      "name": "dracin-stream",
      "version": "1.0.0",
      "license": "ISC",
      "dependencies": {
        "@syln/sdk": "file:syln-sdk-0.1.0.tgz"
      },
      "engines": {
        "node": ">=22"
      }
    },
    "node_modules/@syln/sdk": {
      "version": "0.1.0",
      "resolved": "file:syln-sdk-0.1.0.tgz",
      "integrity": "sha512-dtI3M2etoyL3uYmXSzs1UDfJMfTiWIPZWd22TbsP0EGhArd6kpkQLnuFEZv9QLSd4aTGVfe+SfY3Aq0+u1oVBg==",
      "license": "UNLICENSED",
      "engines": {
        "node": ">=22"
      }
    }
  }
}
